// !$*UTF8*$!
{
	archiveVersion = 1;
	classes = {
	};
	objectVersion = 56;
	objects = {

/* Begin PBXBuildFile section */
		CB24773D2B90CE6000E41476 /* TravelScheduleApp.swift in Sources */ = {isa = PBXBuildFile; fileRef = CB24773C2B90CE6000E41476 /* TravelScheduleApp.swift */; };
		CB24773F2B90CE6000E41476 /* ContentView.swift in Sources */ = {isa = PBXBuildFile; fileRef = CB24773E2B90CE6000E41476 /* ContentView.swift */; };
		CB2477412B90CE6100E41476 /* Assets.xcassets in Resources */ = {isa = PBXBuildFile; fileRef = CB2477402B90CE6100E41476 /* Assets.xcassets */; };
		CB2477442B90CE6100E41476 /* Preview Assets.xcassets in Resources */ = {isa = PBXBuildFile; fileRef = CB2477432B90CE6100E41476 /* Preview Assets.xcassets */; };
		CB3E15F72BCD8197004C9E8F /* SplashView.swift in Sources */ = {isa = PBXBuildFile; fileRef = CB3E15F62BCD8197004C9E8F /* SplashView.swift */; };
		CB3E15F92BCD857E004C9E8F /* ViewCoordinator.swift in Sources */ = {isa = PBXBuildFile; fileRef = CB3E15F82BCD857E004C9E8F /* ViewCoordinator.swift */; };
		CB3E15FC2BCDAC9E004C9E8F /* ScheduleView.swift in Sources */ = {isa = PBXBuildFile; fileRef = CB3E15FB2BCDAC9E004C9E8F /* ScheduleView.swift */; };
		CB4FDC442B9CA829005E1EF9 /* SearchRoutesService.swift in Sources */ = {isa = PBXBuildFile; fileRef = CB4FDC432B9CA829005E1EF9 /* SearchRoutesService.swift */; };
		CB4FDC472B9CA9C4005E1EF9 /* ScheduleService.swift in Sources */ = {isa = PBXBuildFile; fileRef = CB4FDC462B9CA9C4005E1EF9 /* ScheduleService.swift */; };
		CB4FDC492B9CAA6C005E1EF9 /* ThreadService.swift in Sources */ = {isa = PBXBuildFile; fileRef = CB4FDC482B9CAA6C005E1EF9 /* ThreadService.swift */; };
		CB4FDC4B2B9CAB08005E1EF9 /* NearestSettlementService.swift in Sources */ = {isa = PBXBuildFile; fileRef = CB4FDC4A2B9CAB08005E1EF9 /* NearestSettlementService.swift */; };
		CB4FDC4E2B9CAC9E005E1EF9 /* CarrierService.swift in Sources */ = {isa = PBXBuildFile; fileRef = CB4FDC4D2B9CAC9E005E1EF9 /* CarrierService.swift */; };
		CB4FDC512B9CACEB005E1EF9 /* StationsListService.swift in Sources */ = {isa = PBXBuildFile; fileRef = CB4FDC502B9CACEB005E1EF9 /* StationsListService.swift */; };
		CB4FDC532B9CAD37005E1EF9 /* CopyrightService.swift in Sources */ = {isa = PBXBuildFile; fileRef = CB4FDC522B9CAD37005E1EF9 /* CopyrightService.swift */; };
		CB63A3D52BD14C4C00D9B4A7 /* DirectionType.swift in Sources */ = {isa = PBXBuildFile; fileRef = CB63A3D42BD14C4C00D9B4A7 /* DirectionType.swift */; };
		CB7D7BC62BD3DA1F00832B55 /* FiltersView.swift in Sources */ = {isa = PBXBuildFile; fileRef = CB7D7BC52BD3DA1F00832B55 /* FiltersView.swift */; };
		CB7D7BC92BD3DC5A00832B55 /* CustomCheckboxToggleStyle.swift in Sources */ = {isa = PBXBuildFile; fileRef = CB7D7BC82BD3DC5A00832B55 /* CustomCheckboxToggleStyle.swift */; };
		CB7D7BCC2BD3DF7F00832B55 /* RadioButtonCustomToggleStyle.swift in Sources */ = {isa = PBXBuildFile; fileRef = CB7D7BCB2BD3DF7F00832B55 /* RadioButtonCustomToggleStyle.swift */; };
		CBB0690A2BD2E41300B1EC90 /* TransportView.swift in Sources */ = {isa = PBXBuildFile; fileRef = CBB069092BD2E41300B1EC90 /* TransportView.swift */; };
		CBB0690D2BD2E53E00B1EC90 /* Route.swift in Sources */ = {isa = PBXBuildFile; fileRef = CBB0690C2BD2E53E00B1EC90 /* Route.swift */; };
		CBB0690F2BD2E7C700B1EC90 /* DateCreator.swift in Sources */ = {isa = PBXBuildFile; fileRef = CBB0690E2BD2E7C700B1EC90 /* DateCreator.swift */; };
		CBB6A32C2BD038A6005505C9 /* SettingsView.swift in Sources */ = {isa = PBXBuildFile; fileRef = CBB6A32B2BD038A6005505C9 /* SettingsView.swift */; };
		CBB6A32F2BD04C88005505C9 /* ThemeManager.swift in Sources */ = {isa = PBXBuildFile; fileRef = CBB6A32E2BD04C88005505C9 /* ThemeManager.swift */; };
		CBB6A3372BD05214005505C9 /* ErrorView.swift in Sources */ = {isa = PBXBuildFile; fileRef = CBB6A3362BD05214005505C9 /* ErrorView.swift */; };
		CBB6A3392BD0529C005505C9 /* ErrorType.swift in Sources */ = {isa = PBXBuildFile; fileRef = CBB6A3382BD0529C005505C9 /* ErrorType.swift */; };
		CBBFFBC32BCECCB600C2482B /* SearchCityView.swift in Sources */ = {isa = PBXBuildFile; fileRef = CBBFFBC22BCECCB600C2482B /* SearchCityView.swift */; };
		CBBFFBC62BCECD9400C2482B /* ScheduleViewModel.swift in Sources */ = {isa = PBXBuildFile; fileRef = CBBFFBC52BCECD9400C2482B /* ScheduleViewModel.swift */; };
		CBBFFBC92BCED43200C2482B /* SearchBar.swift in Sources */ = {isa = PBXBuildFile; fileRef = CBBFFBC82BCED43200C2482B /* SearchBar.swift */; };
		CBBFFBCF2BCEF40200C2482B /* City.swift in Sources */ = {isa = PBXBuildFile; fileRef = CBBFFBCE2BCEF40200C2482B /* City.swift */; };
		CBBFFBD12BCEF6F600C2482B /* SearchStationView.swift in Sources */ = {isa = PBXBuildFile; fileRef = CBBFFBD02BCEF6F600C2482B /* SearchStationView.swift */; };
		CBE2D66F2B96454D00924855 /* OpenAPIRuntime in Frameworks */ = {isa = PBXBuildFile; productRef = CBE2D66E2B96454D00924855 /* OpenAPIRuntime */; };
		CBE2D6722B96458600924855 /* OpenAPIURLSession in Frameworks */ = {isa = PBXBuildFile; productRef = CBE2D6712B96458600924855 /* OpenAPIURLSession */; };
		CBE2D6762B96464200924855 /* openapi.yaml in Resources */ = {isa = PBXBuildFile; fileRef = CBE2D6752B96464200924855 /* openapi.yaml */; };
		CBE2D6782B96466C00924855 /* openapi-generator-config.yaml in Resources */ = {isa = PBXBuildFile; fileRef = CBE2D6772B96466C00924855 /* openapi-generator-config.yaml */; };
		CBE2D67B2B96472200924855 /* NearestStationsService.swift in Sources */ = {isa = PBXBuildFile; fileRef = CBE2D67A2B96472200924855 /* NearestStationsService.swift */; };
/* End PBXBuildFile section */

/* Begin PBXFileReference section */
		CB2477392B90CE6000E41476 /* TravelSchedule.app */ = {isa = PBXFileReference; explicitFileType = wrapper.application; includeInIndex = 0; path = TravelSchedule.app; sourceTree = BUILT_PRODUCTS_DIR; };
		CB24773C2B90CE6000E41476 /* TravelScheduleApp.swift */ = {isa = PBXFileReference; lastKnownFileType = sourcecode.swift; path = TravelScheduleApp.swift; sourceTree = "<group>"; };
		CB24773E2B90CE6000E41476 /* ContentView.swift */ = {isa = PBXFileReference; lastKnownFileType = sourcecode.swift; path = ContentView.swift; sourceTree = "<group>"; };
		CB2477402B90CE6100E41476 /* Assets.xcassets */ = {isa = PBXFileReference; lastKnownFileType = folder.assetcatalog; path = Assets.xcassets; sourceTree = "<group>"; };
		CB2477432B90CE6100E41476 /* Preview Assets.xcassets */ = {isa = PBXFileReference; lastKnownFileType = folder.assetcatalog; path = "Preview Assets.xcassets"; sourceTree = "<group>"; };
		CB3E15F62BCD8197004C9E8F /* SplashView.swift */ = {isa = PBXFileReference; lastKnownFileType = sourcecode.swift; path = SplashView.swift; sourceTree = "<group>"; };
		CB3E15F82BCD857E004C9E8F /* ViewCoordinator.swift */ = {isa = PBXFileReference; lastKnownFileType = sourcecode.swift; path = ViewCoordinator.swift; sourceTree = "<group>"; };
		CB3E15FB2BCDAC9E004C9E8F /* ScheduleView.swift */ = {isa = PBXFileReference; lastKnownFileType = sourcecode.swift; path = ScheduleView.swift; sourceTree = "<group>"; };
		CB4FDC432B9CA829005E1EF9 /* SearchRoutesService.swift */ = {isa = PBXFileReference; lastKnownFileType = sourcecode.swift; path = SearchRoutesService.swift; sourceTree = "<group>"; };
		CB4FDC462B9CA9C4005E1EF9 /* ScheduleService.swift */ = {isa = PBXFileReference; lastKnownFileType = sourcecode.swift; path = ScheduleService.swift; sourceTree = "<group>"; };
		CB4FDC482B9CAA6C005E1EF9 /* ThreadService.swift */ = {isa = PBXFileReference; lastKnownFileType = sourcecode.swift; path = ThreadService.swift; sourceTree = "<group>"; };
		CB4FDC4A2B9CAB08005E1EF9 /* NearestSettlementService.swift */ = {isa = PBXFileReference; lastKnownFileType = sourcecode.swift; path = NearestSettlementService.swift; sourceTree = "<group>"; };
		CB4FDC4D2B9CAC9E005E1EF9 /* CarrierService.swift */ = {isa = PBXFileReference; lastKnownFileType = sourcecode.swift; path = CarrierService.swift; sourceTree = "<group>"; };
		CB4FDC502B9CACEB005E1EF9 /* StationsListService.swift */ = {isa = PBXFileReference; lastKnownFileType = sourcecode.swift; path = StationsListService.swift; sourceTree = "<group>"; };
		CB4FDC522B9CAD37005E1EF9 /* CopyrightService.swift */ = {isa = PBXFileReference; lastKnownFileType = sourcecode.swift; path = CopyrightService.swift; sourceTree = "<group>"; };
		CB63A3D42BD14C4C00D9B4A7 /* DirectionType.swift */ = {isa = PBXFileReference; lastKnownFileType = sourcecode.swift; path = DirectionType.swift; sourceTree = "<group>"; };
		CB7D7BC52BD3DA1F00832B55 /* FiltersView.swift */ = {isa = PBXFileReference; lastKnownFileType = sourcecode.swift; path = FiltersView.swift; sourceTree = "<group>"; };
		CB7D7BC82BD3DC5A00832B55 /* CustomCheckboxToggleStyle.swift */ = {isa = PBXFileReference; lastKnownFileType = sourcecode.swift; path = CustomCheckboxToggleStyle.swift; sourceTree = "<group>"; };
		CB7D7BCB2BD3DF7F00832B55 /* RadioButtonCustomToggleStyle.swift */ = {isa = PBXFileReference; lastKnownFileType = sourcecode.swift; path = RadioButtonCustomToggleStyle.swift; sourceTree = "<group>"; };
		CBB069092BD2E41300B1EC90 /* TransportView.swift */ = {isa = PBXFileReference; lastKnownFileType = sourcecode.swift; path = TransportView.swift; sourceTree = "<group>"; };
		CBB0690C2BD2E53E00B1EC90 /* Route.swift */ = {isa = PBXFileReference; lastKnownFileType = sourcecode.swift; path = Route.swift; sourceTree = "<group>"; };
		CBB0690E2BD2E7C700B1EC90 /* DateCreator.swift */ = {isa = PBXFileReference; lastKnownFileType = sourcecode.swift; path = DateCreator.swift; sourceTree = "<group>"; };
		CBB6A32B2BD038A6005505C9 /* SettingsView.swift */ = {isa = PBXFileReference; lastKnownFileType = sourcecode.swift; path = SettingsView.swift; sourceTree = "<group>"; };
		CBB6A32E2BD04C88005505C9 /* ThemeManager.swift */ = {isa = PBXFileReference; lastKnownFileType = sourcecode.swift; path = ThemeManager.swift; sourceTree = "<group>"; };
		CBB6A3362BD05214005505C9 /* ErrorView.swift */ = {isa = PBXFileReference; lastKnownFileType = sourcecode.swift; path = ErrorView.swift; sourceTree = "<group>"; };
		CBB6A3382BD0529C005505C9 /* ErrorType.swift */ = {isa = PBXFileReference; lastKnownFileType = sourcecode.swift; path = ErrorType.swift; sourceTree = "<group>"; };
		CBBFFBC22BCECCB600C2482B /* SearchCityView.swift */ = {isa = PBXFileReference; lastKnownFileType = sourcecode.swift; path = SearchCityView.swift; sourceTree = "<group>"; };
		CBBFFBC52BCECD9400C2482B /* ScheduleViewModel.swift */ = {isa = PBXFileReference; lastKnownFileType = sourcecode.swift; path = ScheduleViewModel.swift; sourceTree = "<group>"; };
		CBBFFBC82BCED43200C2482B /* SearchBar.swift */ = {isa = PBXFileReference; lastKnownFileType = sourcecode.swift; path = SearchBar.swift; sourceTree = "<group>"; };
		CBBFFBCE2BCEF40200C2482B /* City.swift */ = {isa = PBXFileReference; lastKnownFileType = sourcecode.swift; path = City.swift; sourceTree = "<group>"; };
		CBBFFBD02BCEF6F600C2482B /* SearchStationView.swift */ = {isa = PBXFileReference; lastKnownFileType = sourcecode.swift; path = SearchStationView.swift; sourceTree = "<group>"; };
		CBE2D6752B96464200924855 /* openapi.yaml */ = {isa = PBXFileReference; fileEncoding = 4; lastKnownFileType = text.yaml; path = openapi.yaml; sourceTree = "<group>"; };
		CBE2D6772B96466C00924855 /* openapi-generator-config.yaml */ = {isa = PBXFileReference; lastKnownFileType = text.yaml; path = "openapi-generator-config.yaml"; sourceTree = "<group>"; };
		CBE2D67A2B96472200924855 /* NearestStationsService.swift */ = {isa = PBXFileReference; lastKnownFileType = sourcecode.swift; path = NearestStationsService.swift; sourceTree = "<group>"; };
/* End PBXFileReference section */

/* Begin PBXFrameworksBuildPhase section */
		CB2477362B90CE6000E41476 /* Frameworks */ = {
			isa = PBXFrameworksBuildPhase;
			buildActionMask = 2147483647;
			files = (
				CBE2D6722B96458600924855 /* OpenAPIURLSession in Frameworks */,
				CBE2D66F2B96454D00924855 /* OpenAPIRuntime in Frameworks */,
			);
			runOnlyForDeploymentPostprocessing = 0;
		};
/* End PBXFrameworksBuildPhase section */

/* Begin PBXGroup section */
		CB2477302B90CE6000E41476 = {
			isa = PBXGroup;
			children = (
				CB24773B2B90CE6000E41476 /* TravelSchedule */,
				CB24773A2B90CE6000E41476 /* Products */,
			);
			sourceTree = "<group>";
		};
		CB24773A2B90CE6000E41476 /* Products */ = {
			isa = PBXGroup;
			children = (
				CB2477392B90CE6000E41476 /* TravelSchedule.app */,
			);
			name = Products;
			sourceTree = "<group>";
		};
		CB24773B2B90CE6000E41476 /* TravelSchedule */ = {
			isa = PBXGroup;
			children = (
				CBB6A3352BD0509F005505C9 /* Helpers */,
				CB24773C2B90CE6000E41476 /* TravelScheduleApp.swift */,
				CBB6A3342BD05078005505C9 /* Model */,
				CBB6A3332BD05060005505C9 /* View */,
				CBB6A3312BD0504B005505C9 /* ViewModel */,
				CB4FDC542B9CAEC9005E1EF9 /* Services */,
				CB2477402B90CE6100E41476 /* Assets.xcassets */,
				CBE2D6752B96464200924855 /* openapi.yaml */,
				CBE2D6772B96466C00924855 /* openapi-generator-config.yaml */,
				CB2477422B90CE6100E41476 /* Preview Content */,
			);
			path = TravelSchedule;
			sourceTree = "<group>";
		};
		CB2477422B90CE6100E41476 /* Preview Content */ = {
			isa = PBXGroup;
			children = (
				CB2477432B90CE6100E41476 /* Preview Assets.xcassets */,
			);
			path = "Preview Content";
			sourceTree = "<group>";
		};
		CB4FDC542B9CAEC9005E1EF9 /* Services */ = {
			isa = PBXGroup;
			children = (
				CBE2D67A2B96472200924855 /* NearestStationsService.swift */,
				CB4FDC432B9CA829005E1EF9 /* SearchRoutesService.swift */,
				CB4FDC462B9CA9C4005E1EF9 /* ScheduleService.swift */,
				CB4FDC482B9CAA6C005E1EF9 /* ThreadService.swift */,
				CB4FDC4A2B9CAB08005E1EF9 /* NearestSettlementService.swift */,
				CB4FDC4D2B9CAC9E005E1EF9 /* CarrierService.swift */,
				CB4FDC502B9CACEB005E1EF9 /* StationsListService.swift */,
				CB4FDC522B9CAD37005E1EF9 /* CopyrightService.swift */,
			);
			path = Services;
			sourceTree = "<group>";
		};
		CBB6A3312BD0504B005505C9 /* ViewModel */ = {
			isa = PBXGroup;
			children = (
				CBBFFBC52BCECD9400C2482B /* ScheduleViewModel.swift */,
			);
			path = ViewModel;
			sourceTree = "<group>";
		};
		CBB6A3332BD05060005505C9 /* View */ = {
			isa = PBXGroup;
			children = (
				CB3E15F62BCD8197004C9E8F /* SplashView.swift */,
				CB24773E2B90CE6000E41476 /* ContentView.swift */,
				CB3E15FB2BCDAC9E004C9E8F /* ScheduleView.swift */,
				CBB069092BD2E41300B1EC90 /* TransportView.swift */,
				CB7D7BC52BD3DA1F00832B55 /* FiltersView.swift */,
				CBBFFBC22BCECCB600C2482B /* SearchCityView.swift */,
				CBBFFBD02BCEF6F600C2482B /* SearchStationView.swift */,
				CBB6A32B2BD038A6005505C9 /* SettingsView.swift */,
				CBBFFBC82BCED43200C2482B /* SearchBar.swift */,
				CB3E15F82BCD857E004C9E8F /* ViewCoordinator.swift */,
				CBB6A3362BD05214005505C9 /* ErrorView.swift */,
			);
			path = View;
			sourceTree = "<group>";
		};
		CBB6A3342BD05078005505C9 /* Model */ = {
			isa = PBXGroup;
			children = (
				CBBFFBCE2BCEF40200C2482B /* City.swift */,
				CBB6A3382BD0529C005505C9 /* ErrorType.swift */,
				CB63A3D42BD14C4C00D9B4A7 /* DirectionType.swift */,
				CBB0690C2BD2E53E00B1EC90 /* Route.swift */,
			);
			path = Model;
			sourceTree = "<group>";
		};
		CBB6A3352BD0509F005505C9 /* Helpers */ = {
			isa = PBXGroup;
			children = (
				CBB6A32E2BD04C88005505C9 /* ThemeManager.swift */,
				CBB0690E2BD2E7C700B1EC90 /* DateCreator.swift */,
				CB7D7BC82BD3DC5A00832B55 /* CustomCheckboxToggleStyle.swift */,
				CB7D7BCB2BD3DF7F00832B55 /* RadioButtonCustomToggleStyle.swift */,
			);
			path = Helpers;
			sourceTree = "<group>";
		};
/* End PBXGroup section */

/* Begin PBXNativeTarget section */
		CB2477382B90CE6000E41476 /* TravelSchedule */ = {
			isa = PBXNativeTarget;
			buildConfigurationList = CB2477472B90CE6100E41476 /* Build configuration list for PBXNativeTarget "TravelSchedule" */;
			buildPhases = (
				CB2477352B90CE6000E41476 /* Sources */,
				CB2477362B90CE6000E41476 /* Frameworks */,
				CB2477372B90CE6000E41476 /* Resources */,
			);
			buildRules = (
			);
			dependencies = (
				CBE2D6742B9645F000924855 /* PBXTargetDependency */,
			);
			name = TravelSchedule;
			packageProductDependencies = (
				CBE2D66E2B96454D00924855 /* OpenAPIRuntime */,
				CBE2D6712B96458600924855 /* OpenAPIURLSession */,
			);
			productName = TravelSchedule;
			productReference = CB2477392B90CE6000E41476 /* TravelSchedule.app */;
			productType = "com.apple.product-type.application";
		};
/* End PBXNativeTarget section */

/* Begin PBXProject section */
		CB2477312B90CE6000E41476 /* Project object */ = {
			isa = PBXProject;
			attributes = {
				BuildIndependentTargetsInParallel = 1;
				LastSwiftUpdateCheck = 1520;
				LastUpgradeCheck = 1520;
				TargetAttributes = {
					CB2477382B90CE6000E41476 = {
						CreatedOnToolsVersion = 15.2;
					};
				};
			};
			buildConfigurationList = CB2477342B90CE6000E41476 /* Build configuration list for PBXProject "TravelSchedule" */;
			compatibilityVersion = "Xcode 14.0";
			developmentRegion = en;
			hasScannedForEncodings = 0;
			knownRegions = (
				en,
				Base,
			);
			mainGroup = CB2477302B90CE6000E41476;
			packageReferences = (
				CBE2D6682B96450600924855 /* XCRemoteSwiftPackageReference "swift-openapi-generator" */,
				CBE2D66D2B96454D00924855 /* XCRemoteSwiftPackageReference "swift-openapi-runtime" */,
				CBE2D6702B96458600924855 /* XCRemoteSwiftPackageReference "swift-openapi-urlsession" */,
			);
			productRefGroup = CB24773A2B90CE6000E41476 /* Products */;
			projectDirPath = "";
			projectRoot = "";
			targets = (
				CB2477382B90CE6000E41476 /* TravelSchedule */,
			);
		};
/* End PBXProject section */

/* Begin PBXResourcesBuildPhase section */
		CB2477372B90CE6000E41476 /* Resources */ = {
			isa = PBXResourcesBuildPhase;
			buildActionMask = 2147483647;
			files = (
				CB2477442B90CE6100E41476 /* Preview Assets.xcassets in Resources */,
				CBE2D6782B96466C00924855 /* openapi-generator-config.yaml in Resources */,
				CB2477412B90CE6100E41476 /* Assets.xcassets in Resources */,
				CBE2D6762B96464200924855 /* openapi.yaml in Resources */,
			);
			runOnlyForDeploymentPostprocessing = 0;
		};
/* End PBXResourcesBuildPhase section */

/* Begin PBXSourcesBuildPhase section */
		CB2477352B90CE6000E41476 /* Sources */ = {
			isa = PBXSourcesBuildPhase;
			buildActionMask = 2147483647;
			files = (
				CB4FDC4E2B9CAC9E005E1EF9 /* CarrierService.swift in Sources */,
				CB3E15F72BCD8197004C9E8F /* SplashView.swift in Sources */,
				CB4FDC4B2B9CAB08005E1EF9 /* NearestSettlementService.swift in Sources */,
				CB24773F2B90CE6000E41476 /* ContentView.swift in Sources */,
				CB7D7BC62BD3DA1F00832B55 /* FiltersView.swift in Sources */,
				CBB6A3372BD05214005505C9 /* ErrorView.swift in Sources */,
				CB4FDC472B9CA9C4005E1EF9 /* ScheduleService.swift in Sources */,
				CBB6A3392BD0529C005505C9 /* ErrorType.swift in Sources */,
				CBBFFBC92BCED43200C2482B /* SearchBar.swift in Sources */,
				CB4FDC512B9CACEB005E1EF9 /* StationsListService.swift in Sources */,
				CBB6A32F2BD04C88005505C9 /* ThemeManager.swift in Sources */,
				CB4FDC442B9CA829005E1EF9 /* SearchRoutesService.swift in Sources */,
				CB3E15F92BCD857E004C9E8F /* ViewCoordinator.swift in Sources */,
				CBBFFBCF2BCEF40200C2482B /* City.swift in Sources */,
				CB63A3D52BD14C4C00D9B4A7 /* DirectionType.swift in Sources */,
				CBE2D67B2B96472200924855 /* NearestStationsService.swift in Sources */,
				CB24773D2B90CE6000E41476 /* TravelScheduleApp.swift in Sources */,
				CBBFFBC32BCECCB600C2482B /* SearchCityView.swift in Sources */,
				CB7D7BCC2BD3DF7F00832B55 /* RadioButtonCustomToggleStyle.swift in Sources */,
				CB4FDC492B9CAA6C005E1EF9 /* ThreadService.swift in Sources */,
				CBB0690F2BD2E7C700B1EC90 /* DateCreator.swift in Sources */,
				CB3E15FC2BCDAC9E004C9E8F /* ScheduleView.swift in Sources */,
				CBBFFBC62BCECD9400C2482B /* ScheduleViewModel.swift in Sources */,
				CB4FDC532B9CAD37005E1EF9 /* CopyrightService.swift in Sources */,
				CBBFFBD12BCEF6F600C2482B /* SearchStationView.swift in Sources */,
				CBB0690A2BD2E41300B1EC90 /* TransportView.swift in Sources */,
				CBB0690D2BD2E53E00B1EC90 /* Route.swift in Sources */,
				CBB6A32C2BD038A6005505C9 /* SettingsView.swift in Sources */,
				CB7D7BC92BD3DC5A00832B55 /* CustomCheckboxToggleStyle.swift in Sources */,
			);
			runOnlyForDeploymentPostprocessing = 0;
		};
/* End PBXSourcesBuildPhase section */

/* Begin PBXTargetDependency section */
		CBE2D6742B9645F000924855 /* PBXTargetDependency */ = {
			isa = PBXTargetDependency;
			productRef = CBE2D6732B9645F000924855 /* OpenAPIGenerator */;
		};
/* End PBXTargetDependency section */

/* Begin XCBuildConfiguration section */
		CB2477452B90CE6100E41476 /* Debug */ = {
			isa = XCBuildConfiguration;
			buildSettings = {
				ALWAYS_SEARCH_USER_PATHS = NO;
				ASSETCATALOG_COMPILER_GENERATE_SWIFT_ASSET_SYMBOL_EXTENSIONS = YES;
				CLANG_ANALYZER_NONNULL = YES;
				CLANG_ANALYZER_NUMBER_OBJECT_CONVERSION = YES_AGGRESSIVE;
				CLANG_CXX_LANGUAGE_STANDARD = "gnu++20";
				CLANG_ENABLE_MODULES = YES;
				CLANG_ENABLE_OBJC_ARC = YES;
				CLANG_ENABLE_OBJC_WEAK = YES;
				CLANG_WARN_BLOCK_CAPTURE_AUTORELEASING = YES;
				CLANG_WARN_BOOL_CONVERSION = YES;
				CLANG_WARN_COMMA = YES;
				CLANG_WARN_CONSTANT_CONVERSION = YES;
				CLANG_WARN_DEPRECATED_OBJC_IMPLEMENTATIONS = YES;
				CLANG_WARN_DIRECT_OBJC_ISA_USAGE = YES_ERROR;
				CLANG_WARN_DOCUMENTATION_COMMENTS = YES;
				CLANG_WARN_EMPTY_BODY = YES;
				CLANG_WARN_ENUM_CONVERSION = YES;
				CLANG_WARN_INFINITE_RECURSION = YES;
				CLANG_WARN_INT_CONVERSION = YES;
				CLANG_WARN_NON_LITERAL_NULL_CONVERSION = YES;
				CLANG_WARN_OBJC_IMPLICIT_RETAIN_SELF = YES;
				CLANG_WARN_OBJC_LITERAL_CONVERSION = YES;
				CLANG_WARN_OBJC_ROOT_CLASS = YES_ERROR;
				CLANG_WARN_QUOTED_INCLUDE_IN_FRAMEWORK_HEADER = YES;
				CLANG_WARN_RANGE_LOOP_ANALYSIS = YES;
				CLANG_WARN_STRICT_PROTOTYPES = YES;
				CLANG_WARN_SUSPICIOUS_MOVE = YES;
				CLANG_WARN_UNGUARDED_AVAILABILITY = YES_AGGRESSIVE;
				CLANG_WARN_UNREACHABLE_CODE = YES;
				CLANG_WARN__DUPLICATE_METHOD_MATCH = YES;
				COPY_PHASE_STRIP = NO;
				DEBUG_INFORMATION_FORMAT = dwarf;
				ENABLE_STRICT_OBJC_MSGSEND = YES;
				ENABLE_TESTABILITY = YES;
				ENABLE_USER_SCRIPT_SANDBOXING = YES;
				GCC_C_LANGUAGE_STANDARD = gnu17;
				GCC_DYNAMIC_NO_PIC = NO;
				GCC_NO_COMMON_BLOCKS = YES;
				GCC_OPTIMIZATION_LEVEL = 0;
				GCC_PREPROCESSOR_DEFINITIONS = (
					"DEBUG=1",
					"$(inherited)",
				);
				GCC_WARN_64_TO_32_BIT_CONVERSION = YES;
				GCC_WARN_ABOUT_RETURN_TYPE = YES_ERROR;
				GCC_WARN_UNDECLARED_SELECTOR = YES;
				GCC_WARN_UNINITIALIZED_AUTOS = YES_AGGRESSIVE;
				GCC_WARN_UNUSED_FUNCTION = YES;
				GCC_WARN_UNUSED_VARIABLE = YES;
				IPHONEOS_DEPLOYMENT_TARGET = 17.2;
				LOCALIZATION_PREFERS_STRING_CATALOGS = YES;
				MTL_ENABLE_DEBUG_INFO = INCLUDE_SOURCE;
				MTL_FAST_MATH = YES;
				ONLY_ACTIVE_ARCH = YES;
				SDKROOT = iphoneos;
				SWIFT_ACTIVE_COMPILATION_CONDITIONS = "DEBUG $(inherited)";
				SWIFT_OPTIMIZATION_LEVEL = "-Onone";
			};
			name = Debug;
		};
		CB2477462B90CE6100E41476 /* Release */ = {
			isa = XCBuildConfiguration;
			buildSettings = {
				ALWAYS_SEARCH_USER_PATHS = NO;
				ASSETCATALOG_COMPILER_GENERATE_SWIFT_ASSET_SYMBOL_EXTENSIONS = YES;
				CLANG_ANALYZER_NONNULL = YES;
				CLANG_ANALYZER_NUMBER_OBJECT_CONVERSION = YES_AGGRESSIVE;
				CLANG_CXX_LANGUAGE_STANDARD = "gnu++20";
				CLANG_ENABLE_MODULES = YES;
				CLANG_ENABLE_OBJC_ARC = YES;
				CLANG_ENABLE_OBJC_WEAK = YES;
				CLANG_WARN_BLOCK_CAPTURE_AUTORELEASING = YES;
				CLANG_WARN_BOOL_CONVERSION = YES;
				CLANG_WARN_COMMA = YES;
				CLANG_WARN_CONSTANT_CONVERSION = YES;
				CLANG_WARN_DEPRECATED_OBJC_IMPLEMENTATIONS = YES;
				CLANG_WARN_DIRECT_OBJC_ISA_USAGE = YES_ERROR;
				CLANG_WARN_DOCUMENTATION_COMMENTS = YES;
				CLANG_WARN_EMPTY_BODY = YES;
				CLANG_WARN_ENUM_CONVERSION = YES;
				CLANG_WARN_INFINITE_RECURSION = YES;
				CLANG_WARN_INT_CONVERSION = YES;
				CLANG_WARN_NON_LITERAL_NULL_CONVERSION = YES;
				CLANG_WARN_OBJC_IMPLICIT_RETAIN_SELF = YES;
				CLANG_WARN_OBJC_LITERAL_CONVERSION = YES;
				CLANG_WARN_OBJC_ROOT_CLASS = YES_ERROR;
				CLANG_WARN_QUOTED_INCLUDE_IN_FRAMEWORK_HEADER = YES;
				CLANG_WARN_RANGE_LOOP_ANALYSIS = YES;
				CLANG_WARN_STRICT_PROTOTYPES = YES;
				CLANG_WARN_SUSPICIOUS_MOVE = YES;
				CLANG_WARN_UNGUARDED_AVAILABILITY = YES_AGGRESSIVE;
				CLANG_WARN_UNREACHABLE_CODE = YES;
				CLANG_WARN__DUPLICATE_METHOD_MATCH = YES;
				COPY_PHASE_STRIP = NO;
				DEBUG_INFORMATION_FORMAT = "dwarf-with-dsym";
				ENABLE_NS_ASSERTIONS = NO;
				ENABLE_STRICT_OBJC_MSGSEND = YES;
				ENABLE_USER_SCRIPT_SANDBOXING = YES;
				GCC_C_LANGUAGE_STANDARD = gnu17;
				GCC_NO_COMMON_BLOCKS = YES;
				GCC_WARN_64_TO_32_BIT_CONVERSION = YES;
				GCC_WARN_ABOUT_RETURN_TYPE = YES_ERROR;
				GCC_WARN_UNDECLARED_SELECTOR = YES;
				GCC_WARN_UNINITIALIZED_AUTOS = YES_AGGRESSIVE;
				GCC_WARN_UNUSED_FUNCTION = YES;
				GCC_WARN_UNUSED_VARIABLE = YES;
				IPHONEOS_DEPLOYMENT_TARGET = 17.2;
				LOCALIZATION_PREFERS_STRING_CATALOGS = YES;
				MTL_ENABLE_DEBUG_INFO = NO;
				MTL_FAST_MATH = YES;
				SDKROOT = iphoneos;
				SWIFT_COMPILATION_MODE = wholemodule;
				VALIDATE_PRODUCT = YES;
			};
			name = Release;
		};
		CB2477482B90CE6100E41476 /* Debug */ = {
			isa = XCBuildConfiguration;
			buildSettings = {
				ASSETCATALOG_COMPILER_APPICON_NAME = AppIcon;
				ASSETCATALOG_COMPILER_GLOBAL_ACCENT_COLOR_NAME = AccentColor;
				CODE_SIGN_STYLE = Automatic;
				CURRENT_PROJECT_VERSION = 1;
				DEVELOPMENT_ASSET_PATHS = "\"TravelSchedule/Preview Content\"";
				DEVELOPMENT_TEAM = BBQWCP2Q36;
				ENABLE_PREVIEWS = YES;
				GENERATE_INFOPLIST_FILE = YES;
				INFOPLIST_KEY_UIApplicationSceneManifest_Generation = YES;
				INFOPLIST_KEY_UIApplicationSupportsIndirectInputEvents = YES;
				INFOPLIST_KEY_UILaunchScreen_Generation = YES;
				INFOPLIST_KEY_UISupportedInterfaceOrientations_iPad = "UIInterfaceOrientationPortrait UIInterfaceOrientationPortraitUpsideDown UIInterfaceOrientationLandscapeLeft UIInterfaceOrientationLandscapeRight";
				INFOPLIST_KEY_UISupportedInterfaceOrientations_iPhone = "UIInterfaceOrientationPortrait UIInterfaceOrientationLandscapeLeft UIInterfaceOrientationLandscapeRight";
				LD_RUNPATH_SEARCH_PATHS = (
					"$(inherited)",
					"@executable_path/Frameworks",
				);
				MARKETING_VERSION = 1.0;
				PRODUCT_BUNDLE_IDENTIFIER = me.kashnikov.anton.TravelSchedule;
				PRODUCT_NAME = "$(TARGET_NAME)";
				SWIFT_EMIT_LOC_STRINGS = YES;
				SWIFT_VERSION = 5.0;
				TARGETED_DEVICE_FAMILY = "1,2";
			};
			name = Debug;
		};
		CB2477492B90CE6100E41476 /* Release */ = {
			isa = XCBuildConfiguration;
			buildSettings = {
				ASSETCATALOG_COMPILER_APPICON_NAME = AppIcon;
				ASSETCATALOG_COMPILER_GLOBAL_ACCENT_COLOR_NAME = AccentColor;
				CODE_SIGN_STYLE = Automatic;
				CURRENT_PROJECT_VERSION = 1;
				DEVELOPMENT_ASSET_PATHS = "\"TravelSchedule/Preview Content\"";
				DEVELOPMENT_TEAM = BBQWCP2Q36;
				ENABLE_PREVIEWS = YES;
				GENERATE_INFOPLIST_FILE = YES;
				INFOPLIST_KEY_UIApplicationSceneManifest_Generation = YES;
				INFOPLIST_KEY_UIApplicationSupportsIndirectInputEvents = YES;
				INFOPLIST_KEY_UILaunchScreen_Generation = YES;
				INFOPLIST_KEY_UISupportedInterfaceOrientations_iPad = "UIInterfaceOrientationPortrait UIInterfaceOrientationPortraitUpsideDown UIInterfaceOrientationLandscapeLeft UIInterfaceOrientationLandscapeRight";
				INFOPLIST_KEY_UISupportedInterfaceOrientations_iPhone = "UIInterfaceOrientationPortrait UIInterfaceOrientationLandscapeLeft UIInterfaceOrientationLandscapeRight";
				LD_RUNPATH_SEARCH_PATHS = (
					"$(inherited)",
					"@executable_path/Frameworks",
				);
				MARKETING_VERSION = 1.0;
				PRODUCT_BUNDLE_IDENTIFIER = me.kashnikov.anton.TravelSchedule;
				PRODUCT_NAME = "$(TARGET_NAME)";
				SWIFT_EMIT_LOC_STRINGS = YES;
				SWIFT_VERSION = 5.0;
				TARGETED_DEVICE_FAMILY = "1,2";
			};
			name = Release;
		};
/* End XCBuildConfiguration section */

/* Begin XCConfigurationList section */
		CB2477342B90CE6000E41476 /* Build configuration list for PBXProject "TravelSchedule" */ = {
			isa = XCConfigurationList;
			buildConfigurations = (
				CB2477452B90CE6100E41476 /* Debug */,
				CB2477462B90CE6100E41476 /* Release */,
			);
			defaultConfigurationIsVisible = 0;
			defaultConfigurationName = Release;
		};
		CB2477472B90CE6100E41476 /* Build configuration list for PBXNativeTarget "TravelSchedule" */ = {
			isa = XCConfigurationList;
			buildConfigurations = (
				CB2477482B90CE6100E41476 /* Debug */,
				CB2477492B90CE6100E41476 /* Release */,
			);
			defaultConfigurationIsVisible = 0;
			defaultConfigurationName = Release;
		};
/* End XCConfigurationList section */

/* Begin XCRemoteSwiftPackageReference section */
		CBE2D6682B96450600924855 /* XCRemoteSwiftPackageReference "swift-openapi-generator" */ = {
			isa = XCRemoteSwiftPackageReference;
			repositoryURL = "https://github.com/apple/swift-openapi-generator";
			requirement = {
				kind = exactVersion;
				version = 1.2.1;
			};
		};
		CBE2D66D2B96454D00924855 /* XCRemoteSwiftPackageReference "swift-openapi-runtime" */ = {
			isa = XCRemoteSwiftPackageReference;
			repositoryURL = "https://github.com/apple/swift-openapi-runtime";
			requirement = {
				kind = exactVersion;
				version = 1.3.2;
			};
		};
		CBE2D6702B96458600924855 /* XCRemoteSwiftPackageReference "swift-openapi-urlsession" */ = {
			isa = XCRemoteSwiftPackageReference;
			repositoryURL = "https://github.com/apple/swift-openapi-urlsession";
			requirement = {
				kind = exactVersion;
				version = 1.0.1;
			};
		};
/* End XCRemoteSwiftPackageReference section */

/* Begin XCSwiftPackageProductDependency section */
		CBE2D66E2B96454D00924855 /* OpenAPIRuntime */ = {
			isa = XCSwiftPackageProductDependency;
			package = CBE2D66D2B96454D00924855 /* XCRemoteSwiftPackageReference "swift-openapi-runtime" */;
			productName = OpenAPIRuntime;
		};
		CBE2D6712B96458600924855 /* OpenAPIURLSession */ = {
			isa = XCSwiftPackageProductDependency;
			package = CBE2D6702B96458600924855 /* XCRemoteSwiftPackageReference "swift-openapi-urlsession" */;
			productName = OpenAPIURLSession;
		};
		CBE2D6732B9645F000924855 /* OpenAPIGenerator */ = {
			isa = XCSwiftPackageProductDependency;
			package = CBE2D6682B96450600924855 /* XCRemoteSwiftPackageReference "swift-openapi-generator" */;
			productName = "plugin:OpenAPIGenerator";
		};
/* End XCSwiftPackageProductDependency section */
	};
	rootObject = CB2477312B90CE6000E41476 /* Project object */;
}
